
Microsoft Visual Studio Solution File, Format Version 12.00
# Visual Studio Version 16
VisualStudioVersion = 16.0.31911.196
MinimumVisualStudioVersion = 10.0.40219.1
Project("{8BC9CEB8-8B4A-11D0-8D11-00A0C91BC942}") = "MonopolyPropertyExample", "MonopolyPropertyExample\MonopolyPropertyExample.vcxproj", "{E60E9C54-D481-4A57-B048-5CC5206B2CA3}"
EndProject
Global
	GlobalSection(SolutionConfigurationPlatforms) = preSolution
		Debug|x64 = Debug|x64
		Debug|x86 = Debug|x86
		Release|x64 = Release|x64
		Release|x86 = Release|x86
	EndGlobalSection
	GlobalSection(ProjectConfigurationPlatforms) = postSolution
		{E60E9C54-D481-4A57-B048-5CC5206B2CA3}.Debug|x64.ActiveCfg = Debug|x64
		{E60E9C54-D481-4A57-B048-5CC5206B2CA3}.Debug|x64.Build.0 = Debug|x64
		{E60E9C54-D481-4A57-B048-5CC5206B2CA3}.Debug|x86.ActiveCfg = Debug|Win32
		{E60E9C54-D481-4A57-B048-5CC5206B2CA3}.Debug|x86.Build.0 = Debug|Win32
		{E60E9C54-D481-4A57-B048-5CC5206B2CA3}.Release|x64.ActiveCfg = Release|x64
		{E60E9C54-D481-4A57-B048-5CC5206B2CA3}.Release|x64.Build.0 = Release|x64
		{E60E9C54-D481-4A57-B048-5CC5206B2CA3}.Release|x86.ActiveCfg = Release|Win32
		{E60E9C54-D481-4A57-B048-5CC5206B2CA3}.Release|x86.Build.0 = Release|Win32
	EndGlobalSection
	GlobalSection(SolutionProperties) = preSolution
		HideSolutionNode = FALSE
	EndGlobalSection
	GlobalSection(ExtensibilityGlobals) = postSolution
		SolutionGuid = {F71A6CF2-3548-48AB-B467-8D7DF554BD0D}
	EndGlobalSection
EndGlobal
